// !$*UTF8*$!
{
	archiveVersion = 1;
	classes = {
	};
	objectVersion = 48;
	objects = {

/* Begin PBXBuildFile section */
		BB0F75832057B461005312C0 /* SettingListController.swift in Sources */ = {isa = PBXBuildFile; fileRef = BB0F75822057B461005312C0 /* SettingListController.swift */; };
		BB0F75852057B9A1005312C0 /* Setting.storyboard in Resources */ = {isa = PBXBuildFile; fileRef = BB0F75842057B9A1005312C0 /* Setting.storyboard */; };
		BB105840203F024000DE6BDC /* KnowQuizController.swift in Sources */ = {isa = PBXBuildFile; fileRef = BB10583F203F024000DE6BDC /* KnowQuizController.swift */; };
		BB2B752120557AE200CD1B75 /* home.png in Resources */ = {isa = PBXBuildFile; fileRef = BB2B752020557AE200CD1B75 /* home.png */; };
		BB2DC6BE20340F57000D6AB2 /* Theme.swift in Sources */ = {isa = PBXBuildFile; fileRef = BB2DC6BD20340F57000D6AB2 /* Theme.swift */; };
		BB2DC6C0203410D9000D6AB2 /* NoteView.swift in Sources */ = {isa = PBXBuildFile; fileRef = BB2DC6BF203410D9000D6AB2 /* NoteView.swift */; };
		BB2DC6C220341E61000D6AB2 /* ColorDot.swift in Sources */ = {isa = PBXBuildFile; fileRef = BB2DC6C120341E61000D6AB2 /* ColorDot.swift */; };
		BB2DC6C42034228C000D6AB2 /* CardView.swift in Sources */ = {isa = PBXBuildFile; fileRef = BB2DC6C32034228C000D6AB2 /* CardView.swift */; };
		BB2DC6C620355B60000D6AB2 /* HomePageController.swift in Sources */ = {isa = PBXBuildFile; fileRef = BB2DC6C520355B60000D6AB2 /* HomePageController.swift */; };
		BB2DC6C820357E9D000D6AB2 /* EntryView.swift in Sources */ = {isa = PBXBuildFile; fileRef = BB2DC6C720357E9D000D6AB2 /* EntryView.swift */; };
		BB2E778D202C5D7E00548A6D /* JMEntry.swift in Sources */ = {isa = PBXBuildFile; fileRef = BB2E778C202C5D7E00548A6D /* JMEntry.swift */; };
		BB2E7790202C62BD00548A6D /* Enumeration.swift in Sources */ = {isa = PBXBuildFile; fileRef = BB2E778F202C62BD00548A6D /* Enumeration.swift */; };
		BB2E7794202C642200548A6D /* JMSense.swift in Sources */ = {isa = PBXBuildFile; fileRef = BB2E7793202C642200548A6D /* JMSense.swift */; };
		BB2E7796202C649C00548A6D /* TNKExample.swift in Sources */ = {isa = PBXBuildFile; fileRef = BB2E7795202C649C00548A6D /* TNKExample.swift */; };
		BB2E7798202C66B100548A6D /* DictManager.swift in Sources */ = {isa = PBXBuildFile; fileRef = BB2E7797202C66B100548A6D /* DictManager.swift */; };
		BB2EBCE0205D3D99003231F2 /* N5.txt in Resources */ = {isa = PBXBuildFile; fileRef = BB2EBCDC205D3D98003231F2 /* N5.txt */; };
		BB2EBCE1205D3D99003231F2 /* N3.txt in Resources */ = {isa = PBXBuildFile; fileRef = BB2EBCDD205D3D98003231F2 /* N3.txt */; };
		BB2EBCE2205D3D99003231F2 /* N4.txt in Resources */ = {isa = PBXBuildFile; fileRef = BB2EBCDE205D3D99003231F2 /* N4.txt */; };
		BB2EBCE3205D3D99003231F2 /* N2.txt in Resources */ = {isa = PBXBuildFile; fileRef = BB2EBCDF205D3D99003231F2 /* N2.txt */; };
		BB2EBCE8205D5381003231F2 /* Study.storyboard in Resources */ = {isa = PBXBuildFile; fileRef = BB2EBCE7205D5381003231F2 /* Study.storyboard */; };
		BB38A49D20511DFB00D485AA /* DailyCheck.swift in Sources */ = {isa = PBXBuildFile; fileRef = BB38A49C20511DFB00D485AA /* DailyCheck.swift */; };
		BB5997D52042BF8A009138D4 /* StudyContainerController.swift in Sources */ = {isa = PBXBuildFile; fileRef = BB5997D42042BF8A009138D4 /* StudyContainerController.swift */; };
		BB67F0FC202D505700FE6F75 /* WorkBook.swift in Sources */ = {isa = PBXBuildFile; fileRef = BB67F0FB202D505700FE6F75 /* WorkBook.swift */; };
		BB67F0FE202D542000FE6F75 /* BookManager.swift in Sources */ = {isa = PBXBuildFile; fileRef = BB67F0FD202D542000FE6F75 /* BookManager.swift */; };
		BB6B0CDA204E72CE00394F12 /* HomeButton.swift in Sources */ = {isa = PBXBuildFile; fileRef = BB6B0CD9204E72CE00394F12 /* HomeButton.swift */; };
		BB741E6320527C56009F8E17 /* makeAllToSpell.swift in Sources */ = {isa = PBXBuildFile; fileRef = BB741E6220527C56009F8E17 /* makeAllToSpell.swift */; };
		BB772D3E202DAA98008DFE85 /* Extensions.swift in Sources */ = {isa = PBXBuildFile; fileRef = BB772D3D202DAA98008DFE85 /* Extensions.swift */; };
		BB772D42202DEB1F008DFE85 /* UserDataManager.swift in Sources */ = {isa = PBXBuildFile; fileRef = BB772D41202DEB1F008DFE85 /* UserDataManager.swift */; };
		BB791841205EA77D007B3CF5 /* JWButton.swift in Sources */ = {isa = PBXBuildFile; fileRef = BB791840205EA77D007B3CF5 /* JWButton.swift */; };
		BB7EFD8E2032EE0D00005F7E /* ExampleView.swift in Sources */ = {isa = PBXBuildFile; fileRef = BB7EFD8D2032EE0D00005F7E /* ExampleView.swift */; };
		BBA052FA204B9B32002A095D /* ShrinkButton.swift in Sources */ = {isa = PBXBuildFile; fileRef = BBA052F9204B9B32002A095D /* ShrinkButton.swift */; };
		BBA0653E205D5E5A0037283D /* StudyViewModel.swift in Sources */ = {isa = PBXBuildFile; fileRef = BBA0653D205D5E5A0037283D /* StudyViewModel.swift */; };
		BBA06540205D609F0037283D /* SpellQuiz.swift in Sources */ = {isa = PBXBuildFile; fileRef = BBA0653F205D609F0037283D /* SpellQuiz.swift */; };
		BBA06542205D6C590037283D /* SpellQuizController.swift in Sources */ = {isa = PBXBuildFile; fileRef = BBA06541205D6C590037283D /* SpellQuizController.swift */; };
		BBB806B8205131280074DB97 /* N1.txt in Resources */ = {isa = PBXBuildFile; fileRef = BBB806B7205131280074DB97 /* N1.txt */; };
		BBC75E5C202EF87600255050 /* WordListController.swift in Sources */ = {isa = PBXBuildFile; fileRef = BBC75E5B202EF87600255050 /* WordListController.swift */; };
		BBC75E5E202F1BBD00255050 /* JMDict.realm in Resources */ = {isa = PBXBuildFile; fileRef = BBC75E5D202F1BBD00255050 /* JMDict.realm */; };
		BBD1B25A205CBEBD0014FC14 /* Other.swift in Sources */ = {isa = PBXBuildFile; fileRef = BBD1B259205CBEBD0014FC14 /* Other.swift */; };
		BBD6B1E720469ACB0005E827 /* SupplyWorkbench.swift in Sources */ = {isa = PBXBuildFile; fileRef = BBD6B1E620469ACB0005E827 /* SupplyWorkbench.swift */; };
		BBD6B1EF20469B1D0005E827 /* AddNewRecords.swift in Sources */ = {isa = PBXBuildFile; fileRef = BBD6B1EE20469B1D0005E827 /* AddNewRecords.swift */; };
		BBD6B1F12046A1CF0005E827 /* RefreshWordToday.swift in Sources */ = {isa = PBXBuildFile; fileRef = BBD6B1F02046A1CF0005E827 /* RefreshWordToday.swift */; };
		BBD876F8205122CE0071D0D5 /* AddVocabulary.swift in Sources */ = {isa = PBXBuildFile; fileRef = BBD876F7205122CE0071D0D5 /* AddVocabulary.swift */; };
		BBDA3D9D202BFAF10038BE8B /* AppDelegate.swift in Sources */ = {isa = PBXBuildFile; fileRef = BBDA3D9C202BFAF10038BE8B /* AppDelegate.swift */; };
		BBDA3DA2202BFAF10038BE8B /* Main.storyboard in Resources */ = {isa = PBXBuildFile; fileRef = BBDA3DA0202BFAF10038BE8B /* Main.storyboard */; };
		BBDA3DA4202BFAF10038BE8B /* Assets.xcassets in Resources */ = {isa = PBXBuildFile; fileRef = BBDA3DA3202BFAF10038BE8B /* Assets.xcassets */; };
		BBDA3DA7202BFAF10038BE8B /* LaunchScreen.storyboard in Resources */ = {isa = PBXBuildFile; fileRef = BBDA3DA5202BFAF10038BE8B /* LaunchScreen.storyboard */; };
		BBDA3DB3202BFB960038BE8B /* Realm.framework in Frameworks */ = {isa = PBXBuildFile; fileRef = BBDA3DB1202BFB960038BE8B /* Realm.framework */; };
		BBDA3DB4202BFB960038BE8B /* Realm.framework in Embed Frameworks */ = {isa = PBXBuildFile; fileRef = BBDA3DB1202BFB960038BE8B /* Realm.framework */; settings = {ATTRIBUTES = (CodeSignOnCopy, RemoveHeadersOnCopy, ); }; };
		BBDA3DB5202BFB960038BE8B /* RealmSwift.framework in Frameworks */ = {isa = PBXBuildFile; fileRef = BBDA3DB2202BFB960038BE8B /* RealmSwift.framework */; };
		BBDA3DB6202BFB960038BE8B /* RealmSwift.framework in Embed Frameworks */ = {isa = PBXBuildFile; fileRef = BBDA3DB2202BFB960038BE8B /* RealmSwift.framework */; settings = {ATTRIBUTES = (CodeSignOnCopy, RemoveHeadersOnCopy, ); }; };
		BBE8BCAF2061105F002BA4F5 /* smallSearch.png in Resources */ = {isa = PBXBuildFile; fileRef = BBE8BCAE2061105F002BA4F5 /* smallSearch.png */; };
		BBEC0512202F3DBB00CD7A54 /* WordPageController.swift in Sources */ = {isa = PBXBuildFile; fileRef = BBEC0511202F3DBB00CD7A54 /* WordPageController.swift */; };
		BBED3D18205BA266000E5833 /* pen.png in Resources */ = {isa = PBXBuildFile; fileRef = BBED3D14205BA266000E5833 /* pen.png */; };
		BBED3D19205BA266000E5833 /* setting.png in Resources */ = {isa = PBXBuildFile; fileRef = BBED3D15205BA266000E5833 /* setting.png */; };
		BBED3D1A205BA266000E5833 /* book.png in Resources */ = {isa = PBXBuildFile; fileRef = BBED3D16205BA266000E5833 /* book.png */; };
		BBED3D1B205BA266000E5833 /* search.png in Resources */ = {isa = PBXBuildFile; fileRef = BBED3D17205BA266000E5833 /* search.png */; };
/* End PBXBuildFile section */

/* Begin PBXContainerItemProxy section */
		BBD6B1E920469ACB0005E827 /* PBXContainerItemProxy */ = {
			isa = PBXContainerItemProxy;
			containerPortal = BBDA3D91202BFAF00038BE8B /* Project object */;
			proxyType = 1;
			remoteGlobalIDString = BBDA3D98202BFAF10038BE8B;
			remoteInfo = Jword;
		};
/* End PBXContainerItemProxy section */

/* Begin PBXCopyFilesBuildPhase section */
		BBDA3DB7202BFB970038BE8B /* Embed Frameworks */ = {
			isa = PBXCopyFilesBuildPhase;
			buildActionMask = 2147483647;
			dstPath = "";
			dstSubfolderSpec = 10;
			files = (
				BBDA3DB6202BFB960038BE8B /* RealmSwift.framework in Embed Frameworks */,
				BBDA3DB4202BFB960038BE8B /* Realm.framework in Embed Frameworks */,
			);
			name = "Embed Frameworks";
			runOnlyForDeploymentPostprocessing = 0;
		};
/* End PBXCopyFilesBuildPhase section */

/* Begin PBXFileReference section */
		BB0F75822057B461005312C0 /* SettingListController.swift */ = {isa = PBXFileReference; lastKnownFileType = sourcecode.swift; path = SettingListController.swift; sourceTree = "<group>"; };
		BB0F75842057B9A1005312C0 /* Setting.storyboard */ = {isa = PBXFileReference; lastKnownFileType = file.storyboard; path = Setting.storyboard; sourceTree = "<group>"; };
		BB10583F203F024000DE6BDC /* KnowQuizController.swift */ = {isa = PBXFileReference; lastKnownFileType = sourcecode.swift; path = KnowQuizController.swift; sourceTree = "<group>"; };
		BB2B752020557AE200CD1B75 /* home.png */ = {isa = PBXFileReference; lastKnownFileType = image.png; path = home.png; sourceTree = "<group>"; };
		BB2DC6BD20340F57000D6AB2 /* Theme.swift */ = {isa = PBXFileReference; lastKnownFileType = sourcecode.swift; path = Theme.swift; sourceTree = "<group>"; };
		BB2DC6BF203410D9000D6AB2 /* NoteView.swift */ = {isa = PBXFileReference; lastKnownFileType = sourcecode.swift; path = NoteView.swift; sourceTree = "<group>"; };
		BB2DC6C120341E61000D6AB2 /* ColorDot.swift */ = {isa = PBXFileReference; lastKnownFileType = sourcecode.swift; path = ColorDot.swift; sourceTree = "<group>"; };
		BB2DC6C32034228C000D6AB2 /* CardView.swift */ = {isa = PBXFileReference; lastKnownFileType = sourcecode.swift; path = CardView.swift; sourceTree = "<group>"; };
		BB2DC6C520355B60000D6AB2 /* HomePageController.swift */ = {isa = PBXFileReference; lastKnownFileType = sourcecode.swift; path = HomePageController.swift; sourceTree = "<group>"; };
		BB2DC6C720357E9D000D6AB2 /* EntryView.swift */ = {isa = PBXFileReference; lastKnownFileType = sourcecode.swift; path = EntryView.swift; sourceTree = "<group>"; };
		BB2E778C202C5D7E00548A6D /* JMEntry.swift */ = {isa = PBXFileReference; lastKnownFileType = sourcecode.swift; path = JMEntry.swift; sourceTree = "<group>"; };
		BB2E778F202C62BD00548A6D /* Enumeration.swift */ = {isa = PBXFileReference; lastKnownFileType = sourcecode.swift; path = Enumeration.swift; sourceTree = "<group>"; };
		BB2E7793202C642200548A6D /* JMSense.swift */ = {isa = PBXFileReference; lastKnownFileType = sourcecode.swift; path = JMSense.swift; sourceTree = "<group>"; };
		BB2E7795202C649C00548A6D /* TNKExample.swift */ = {isa = PBXFileReference; lastKnownFileType = sourcecode.swift; path = TNKExample.swift; sourceTree = "<group>"; };
		BB2E7797202C66B100548A6D /* DictManager.swift */ = {isa = PBXFileReference; lastKnownFileType = sourcecode.swift; path = DictManager.swift; sourceTree = "<group>"; };
		BB2EBCDC205D3D98003231F2 /* N5.txt */ = {isa = PBXFileReference; lastKnownFileType = text; path = N5.txt; sourceTree = "<group>"; };
		BB2EBCDD205D3D98003231F2 /* N3.txt */ = {isa = PBXFileReference; lastKnownFileType = text; path = N3.txt; sourceTree = "<group>"; };
		BB2EBCDE205D3D99003231F2 /* N4.txt */ = {isa = PBXFileReference; lastKnownFileType = text; path = N4.txt; sourceTree = "<group>"; };
		BB2EBCDF205D3D99003231F2 /* N2.txt */ = {isa = PBXFileReference; lastKnownFileType = text; path = N2.txt; sourceTree = "<group>"; };
		BB2EBCE7205D5381003231F2 /* Study.storyboard */ = {isa = PBXFileReference; lastKnownFileType = file.storyboard; path = Study.storyboard; sourceTree = "<group>"; };
		BB38A49C20511DFB00D485AA /* DailyCheck.swift */ = {isa = PBXFileReference; lastKnownFileType = sourcecode.swift; path = DailyCheck.swift; sourceTree = "<group>"; };
		BB5997D42042BF8A009138D4 /* StudyContainerController.swift */ = {isa = PBXFileReference; lastKnownFileType = sourcecode.swift; path = StudyContainerController.swift; sourceTree = "<group>"; };
		BB67F0FB202D505700FE6F75 /* WorkBook.swift */ = {isa = PBXFileReference; lastKnownFileType = sourcecode.swift; path = WorkBook.swift; sourceTree = "<group>"; };
		BB67F0FD202D542000FE6F75 /* BookManager.swift */ = {isa = PBXFileReference; lastKnownFileType = sourcecode.swift; path = BookManager.swift; sourceTree = "<group>"; };
		BB6B0CD9204E72CE00394F12 /* HomeButton.swift */ = {isa = PBXFileReference; lastKnownFileType = sourcecode.swift; path = HomeButton.swift; sourceTree = "<group>"; };
		BB741E6220527C56009F8E17 /* makeAllToSpell.swift */ = {isa = PBXFileReference; lastKnownFileType = sourcecode.swift; path = makeAllToSpell.swift; sourceTree = "<group>"; };
		BB772D3D202DAA98008DFE85 /* Extensions.swift */ = {isa = PBXFileReference; lastKnownFileType = sourcecode.swift; path = Extensions.swift; sourceTree = "<group>"; };
		BB772D41202DEB1F008DFE85 /* UserDataManager.swift */ = {isa = PBXFileReference; lastKnownFileType = sourcecode.swift; path = UserDataManager.swift; sourceTree = "<group>"; };
		BB791840205EA77D007B3CF5 /* JWButton.swift */ = {isa = PBXFileReference; lastKnownFileType = sourcecode.swift; path = JWButton.swift; sourceTree = "<group>"; };
		BB7EFD8D2032EE0D00005F7E /* ExampleView.swift */ = {isa = PBXFileReference; lastKnownFileType = sourcecode.swift; path = ExampleView.swift; sourceTree = "<group>"; };
		BBA052F9204B9B32002A095D /* ShrinkButton.swift */ = {isa = PBXFileReference; lastKnownFileType = sourcecode.swift; name = ShrinkButton.swift; path = Jword/View/General/ShrinkButton.swift; sourceTree = SOURCE_ROOT; };
		BBA0653D205D5E5A0037283D /* StudyViewModel.swift */ = {isa = PBXFileReference; lastKnownFileType = sourcecode.swift; path = StudyViewModel.swift; sourceTree = "<group>"; };
		BBA0653F205D609F0037283D /* SpellQuiz.swift */ = {isa = PBXFileReference; lastKnownFileType = sourcecode.swift; path = SpellQuiz.swift; sourceTree = "<group>"; };
		BBA06541205D6C590037283D /* SpellQuizController.swift */ = {isa = PBXFileReference; lastKnownFileType = sourcecode.swift; path = SpellQuizController.swift; sourceTree = "<group>"; };
		BBB806B7205131280074DB97 /* N1.txt */ = {isa = PBXFileReference; fileEncoding = 4; lastKnownFileType = text; path = N1.txt; sourceTree = "<group>"; };
		BBC75E5B202EF87600255050 /* WordListController.swift */ = {isa = PBXFileReference; lastKnownFileType = sourcecode.swift; path = WordListController.swift; sourceTree = "<group>"; };
		BBC75E5D202F1BBD00255050 /* JMDict.realm */ = {isa = PBXFileReference; lastKnownFileType = file; path = JMDict.realm; sourceTree = "<group>"; };
		BBD1B259205CBEBD0014FC14 /* Other.swift */ = {isa = PBXFileReference; lastKnownFileType = sourcecode.swift; path = Other.swift; sourceTree = "<group>"; };
		BBD6B1E420469ACB0005E827 /* BookManagerTests.xctest */ = {isa = PBXFileReference; explicitFileType = wrapper.cfbundle; includeInIndex = 0; path = BookManagerTests.xctest; sourceTree = BUILT_PRODUCTS_DIR; };
		BBD6B1E620469ACB0005E827 /* SupplyWorkbench.swift */ = {isa = PBXFileReference; lastKnownFileType = sourcecode.swift; path = SupplyWorkbench.swift; sourceTree = "<group>"; };
		BBD6B1E820469ACB0005E827 /* Info.plist */ = {isa = PBXFileReference; lastKnownFileType = text.plist.xml; path = Info.plist; sourceTree = "<group>"; };
		BBD6B1EE20469B1D0005E827 /* AddNewRecords.swift */ = {isa = PBXFileReference; lastKnownFileType = sourcecode.swift; path = AddNewRecords.swift; sourceTree = "<group>"; };
		BBD6B1F02046A1CF0005E827 /* RefreshWordToday.swift */ = {isa = PBXFileReference; lastKnownFileType = sourcecode.swift; path = RefreshWordToday.swift; sourceTree = "<group>"; };
		BBD876F7205122CE0071D0D5 /* AddVocabulary.swift */ = {isa = PBXFileReference; lastKnownFileType = sourcecode.swift; path = AddVocabulary.swift; sourceTree = "<group>"; };
		BBDA3D99202BFAF10038BE8B /* Jword.app */ = {isa = PBXFileReference; explicitFileType = wrapper.application; includeInIndex = 0; path = Jword.app; sourceTree = BUILT_PRODUCTS_DIR; };
		BBDA3D9C202BFAF10038BE8B /* AppDelegate.swift */ = {isa = PBXFileReference; lastKnownFileType = sourcecode.swift; path = AppDelegate.swift; sourceTree = "<group>"; };
		BBDA3DA1202BFAF10038BE8B /* Base */ = {isa = PBXFileReference; lastKnownFileType = file.storyboard; name = Base; path = Base.lproj/Main.storyboard; sourceTree = "<group>"; };
		BBDA3DA3202BFAF10038BE8B /* Assets.xcassets */ = {isa = PBXFileReference; lastKnownFileType = folder.assetcatalog; path = Assets.xcassets; sourceTree = "<group>"; };
		BBDA3DA6202BFAF10038BE8B /* Base */ = {isa = PBXFileReference; lastKnownFileType = file.storyboard; name = Base; path = Base.lproj/LaunchScreen.storyboard; sourceTree = "<group>"; };
		BBDA3DA8202BFAF10038BE8B /* Info.plist */ = {isa = PBXFileReference; lastKnownFileType = text.plist.xml; path = Info.plist; sourceTree = "<group>"; };
		BBDA3DB1202BFB960038BE8B /* Realm.framework */ = {isa = PBXFileReference; lastKnownFileType = wrapper.framework; path = Realm.framework; sourceTree = "<group>"; };
		BBDA3DB2202BFB960038BE8B /* RealmSwift.framework */ = {isa = PBXFileReference; lastKnownFileType = wrapper.framework; path = RealmSwift.framework; sourceTree = "<group>"; };
		BBE8BCAE2061105F002BA4F5 /* smallSearch.png */ = {isa = PBXFileReference; lastKnownFileType = image.png; path = smallSearch.png; sourceTree = "<group>"; };
		BBEC0511202F3DBB00CD7A54 /* WordPageController.swift */ = {isa = PBXFileReference; lastKnownFileType = sourcecode.swift; path = WordPageController.swift; sourceTree = "<group>"; xcLanguageSpecificationIdentifier = xcode.lang.swift; };
		BBED3D14205BA266000E5833 /* pen.png */ = {isa = PBXFileReference; lastKnownFileType = image.png; name = pen.png; path = ../../../../Desktop/Jword/icon/pen.png; sourceTree = "<group>"; };
		BBED3D15205BA266000E5833 /* setting.png */ = {isa = PBXFileReference; lastKnownFileType = image.png; name = setting.png; path = ../../../../Desktop/Jword/icon/setting.png; sourceTree = "<group>"; };
		BBED3D16205BA266000E5833 /* book.png */ = {isa = PBXFileReference; lastKnownFileType = image.png; name = book.png; path = ../../../../Desktop/Jword/icon/book.png; sourceTree = "<group>"; };
		BBED3D17205BA266000E5833 /* search.png */ = {isa = PBXFileReference; lastKnownFileType = image.png; name = search.png; path = ../../../../Desktop/Jword/icon/search.png; sourceTree = "<group>"; };
/* End PBXFileReference section */

/* Begin PBXFrameworksBuildPhase section */
		BBD6B1E120469ACB0005E827 /* Frameworks */ = {
			isa = PBXFrameworksBuildPhase;
			buildActionMask = 2147483647;
			files = (
			);
			runOnlyForDeploymentPostprocessing = 0;
		};
		BBDA3D96202BFAF10038BE8B /* Frameworks */ = {
			isa = PBXFrameworksBuildPhase;
			buildActionMask = 2147483647;
			files = (
				BBDA3DB5202BFB960038BE8B /* RealmSwift.framework in Frameworks */,
				BBDA3DB3202BFB960038BE8B /* Realm.framework in Frameworks */,
			);
			runOnlyForDeploymentPostprocessing = 0;
		};
/* End PBXFrameworksBuildPhase section */

/* Begin PBXGroup section */
		BB110713204C30AE0013633A /* Study */ = {
			isa = PBXGroup;
			children = (
				BBA0653D205D5E5A0037283D /* StudyViewModel.swift */,
				BB5997D42042BF8A009138D4 /* StudyContainerController.swift */,
				BB10583F203F024000DE6BDC /* KnowQuizController.swift */,
				BBA06541205D6C590037283D /* SpellQuizController.swift */,
			);
			path = Study;
			sourceTree = "<group>";
		};
		BB2B751120556C7F00CD1B75 /* HomePage */ = {
			isa = PBXGroup;
			children = (
				BB6B0CD9204E72CE00394F12 /* HomeButton.swift */,
			);
			path = HomePage;
			sourceTree = "<group>";
		};
		BB2EBCE4205D5352003231F2 /* StoryBoard */ = {
			isa = PBXGroup;
			children = (
				BBDA3DA0202BFAF10038BE8B /* Main.storyboard */,
				BB0F75842057B9A1005312C0 /* Setting.storyboard */,
				BB2EBCE7205D5381003231F2 /* Study.storyboard */,
			);
			path = StoryBoard;
			sourceTree = "<group>";
		};
		BB772D40202DB041008DFE85 /* Manager */ = {
			isa = PBXGroup;
			children = (
				BB2E7797202C66B100548A6D /* DictManager.swift */,
				BB67F0FD202D542000FE6F75 /* BookManager.swift */,
				BB772D41202DEB1F008DFE85 /* UserDataManager.swift */,
				BB2DC6BD20340F57000D6AB2 /* Theme.swift */,
			);
			path = Manager;
			sourceTree = "<group>";
		};
		BBA052F8204B949C002A095D /* Icon */ = {
			isa = PBXGroup;
			children = (
				BBED3D16205BA266000E5833 /* book.png */,
				BBED3D14205BA266000E5833 /* pen.png */,
				BBED3D17205BA266000E5833 /* search.png */,
				BBED3D15205BA266000E5833 /* setting.png */,
				BB2B752020557AE200CD1B75 /* home.png */,
				BBE8BCAE2061105F002BA4F5 /* smallSearch.png */,
			);
			path = Icon;
			sourceTree = "<group>";
		};
		BBB806B9205135700074DB97 /* Vocabulary */ = {
			isa = PBXGroup;
			children = (
				BBB806B7205131280074DB97 /* N1.txt */,
				BB2EBCDF205D3D99003231F2 /* N2.txt */,
				BB2EBCDD205D3D98003231F2 /* N3.txt */,
				BB2EBCDE205D3D99003231F2 /* N4.txt */,
				BB2EBCDC205D3D98003231F2 /* N5.txt */,
			);
			path = Vocabulary;
			sourceTree = "<group>";
		};
		BBBAE82C2053EA6F005C96D1 /* General */ = {
			isa = PBXGroup;
			children = (
				BBA052F9204B9B32002A095D /* ShrinkButton.swift */,
				BB2DC6C32034228C000D6AB2 /* CardView.swift */,
				BB791840205EA77D007B3CF5 /* JWButton.swift */,
			);
			path = General;
			sourceTree = "<group>";
		};
		BBC0D379203C138D00DCF4B3 /* WordPage */ = {
			isa = PBXGroup;
			children = (
				BB2DC6C120341E61000D6AB2 /* ColorDot.swift */,
				BB2DC6C720357E9D000D6AB2 /* EntryView.swift */,
				BB7EFD8D2032EE0D00005F7E /* ExampleView.swift */,
				BB2DC6BF203410D9000D6AB2 /* NoteView.swift */,
			);
			path = WordPage;
			sourceTree = "<group>";
		};
		BBD1B258205CBE910014FC14 /* Other */ = {
			isa = PBXGroup;
			children = (
				BB772D3D202DAA98008DFE85 /* Extensions.swift */,
				BBD1B259205CBEBD0014FC14 /* Other.swift */,
			);
			path = Other;
			sourceTree = "<group>";
		};
		BBD6B1E520469ACB0005E827 /* BookManagerTests */ = {
			isa = PBXGroup;
			children = (
				BB741E6220527C56009F8E17 /* makeAllToSpell.swift */,
				BBD876F7205122CE0071D0D5 /* AddVocabulary.swift */,
				BB38A49C20511DFB00D485AA /* DailyCheck.swift */,
				BBD6B1F02046A1CF0005E827 /* RefreshWordToday.swift */,
				BBD6B1EE20469B1D0005E827 /* AddNewRecords.swift */,
				BBD6B1E620469ACB0005E827 /* SupplyWorkbench.swift */,
				BBD6B1E820469ACB0005E827 /* Info.plist */,
			);
			path = BookManagerTests;
			sourceTree = "<group>";
		};
		BBDA3D90202BFAF00038BE8B = {
			isa = PBXGroup;
			children = (
				BBA052F8204B949C002A095D /* Icon */,
				BBB806B9205135700074DB97 /* Vocabulary */,
				BBC75E5D202F1BBD00255050 /* JMDict.realm */,
				BBDA3DB1202BFB960038BE8B /* Realm.framework */,
				BBDA3DB2202BFB960038BE8B /* RealmSwift.framework */,
				BBD6B1E520469ACB0005E827 /* BookManagerTests */,
				BBDA3D9A202BFAF10038BE8B /* Products */,
				BBDA3D9B202BFAF10038BE8B /* Jword */,
			);
			sourceTree = "<group>";
		};
		BBDA3D9A202BFAF10038BE8B /* Products */ = {
			isa = PBXGroup;
			children = (
				BBDA3D99202BFAF10038BE8B /* Jword.app */,
				BBD6B1E420469ACB0005E827 /* BookManagerTests.xctest */,
			);
			name = Products;
			sourceTree = "<group>";
		};
		BBDA3D9B202BFAF10038BE8B /* Jword */ = {
			isa = PBXGroup;
			children = (
				BB2EBCE4205D5352003231F2 /* StoryBoard */,
				BBDA3DB8202BFBB20038BE8B /* SupportFiles */,
				BB772D40202DB041008DFE85 /* Manager */,
				BBDA3DAE202BFAFC0038BE8B /* Model */,
				BBDA3DB0202BFB090038BE8B /* View */,
				BBDA3DAF202BFB010038BE8B /* Controller */,
			);
			path = Jword;
			sourceTree = "<group>";
		};
		BBDA3DAE202BFAFC0038BE8B /* Model */ = {
			isa = PBXGroup;
			children = (
				BB2E778F202C62BD00548A6D /* Enumeration.swift */,
				BB2E778C202C5D7E00548A6D /* JMEntry.swift */,
				BB2E7793202C642200548A6D /* JMSense.swift */,
				BB2E7795202C649C00548A6D /* TNKExample.swift */,
				BB67F0FB202D505700FE6F75 /* WorkBook.swift */,
				BBA0653F205D609F0037283D /* SpellQuiz.swift */,
				BBD1B258205CBE910014FC14 /* Other */,
			);
			path = Model;
			sourceTree = "<group>";
		};
		BBDA3DAF202BFB010038BE8B /* Controller */ = {
			isa = PBXGroup;
			children = (
				BB2DC6C520355B60000D6AB2 /* HomePageController.swift */,
				BB0F75822057B461005312C0 /* SettingListController.swift */,
				BBC75E5B202EF87600255050 /* WordListController.swift */,
				BBEC0511202F3DBB00CD7A54 /* WordPageController.swift */,
				BB110713204C30AE0013633A /* Study */,
			);
			path = Controller;
			sourceTree = "<group>";
		};
		BBDA3DB0202BFB090038BE8B /* View */ = {
			isa = PBXGroup;
			children = (
				BBBAE82C2053EA6F005C96D1 /* General */,
				BB2B751120556C7F00CD1B75 /* HomePage */,
				BBC0D379203C138D00DCF4B3 /* WordPage */,
			);
			path = View;
			sourceTree = "<group>";
		};
		BBDA3DB8202BFBB20038BE8B /* SupportFiles */ = {
			isa = PBXGroup;
			children = (
				BBDA3DA8202BFAF10038BE8B /* Info.plist */,
				BBDA3D9C202BFAF10038BE8B /* AppDelegate.swift */,
				BBDA3DA3202BFAF10038BE8B /* Assets.xcassets */,
				BBDA3DA5202BFAF10038BE8B /* LaunchScreen.storyboard */,
			);
			path = SupportFiles;
			sourceTree = "<group>";
		};
/* End PBXGroup section */

/* Begin PBXNativeTarget section */
		BBD6B1E320469ACB0005E827 /* BookManagerTests */ = {
			isa = PBXNativeTarget;
			buildConfigurationList = BBD6B1EB20469ACB0005E827 /* Build configuration list for PBXNativeTarget "BookManagerTests" */;
			buildPhases = (
				BBD6B1E020469ACB0005E827 /* Sources */,
				BBD6B1E120469ACB0005E827 /* Frameworks */,
				BBD6B1E220469ACB0005E827 /* Resources */,
			);
			buildRules = (
			);
			dependencies = (
				BBD6B1EA20469ACB0005E827 /* PBXTargetDependency */,
			);
			name = BookManagerTests;
			productName = BookManagerTests;
			productReference = BBD6B1E420469ACB0005E827 /* BookManagerTests.xctest */;
			productType = "com.apple.product-type.bundle.unit-test";
		};
		BBDA3D98202BFAF10038BE8B /* Jword */ = {
			isa = PBXNativeTarget;
			buildConfigurationList = BBDA3DAB202BFAF10038BE8B /* Build configuration list for PBXNativeTarget "Jword" */;
			buildPhases = (
				BBDA3D95202BFAF10038BE8B /* Sources */,
				BBDA3D96202BFAF10038BE8B /* Frameworks */,
				BBDA3D97202BFAF10038BE8B /* Resources */,
				BBDA3DB7202BFB970038BE8B /* Embed Frameworks */,
				BBC75E56202EF08200255050 /* ShellScript */,
			);
			buildRules = (
			);
			dependencies = (
			);
			name = Jword;
			productName = Jword;
			productReference = BBDA3D99202BFAF10038BE8B /* Jword.app */;
			productType = "com.apple.product-type.application";
		};
/* End PBXNativeTarget section */

/* Begin PBXProject section */
		BBDA3D91202BFAF00038BE8B /* Project object */ = {
			isa = PBXProject;
			attributes = {
				LastSwiftUpdateCheck = 0920;
				LastUpgradeCheck = 0920;
				ORGANIZATIONNAME = ribilynn;
				TargetAttributes = {
					BBD6B1E320469ACB0005E827 = {
						CreatedOnToolsVersion = 9.2;
						ProvisioningStyle = Automatic;
						TestTargetID = BBDA3D98202BFAF10038BE8B;
					};
					BBDA3D98202BFAF10038BE8B = {
						CreatedOnToolsVersion = 9.2;
						ProvisioningStyle = Automatic;
					};
				};
			};
			buildConfigurationList = BBDA3D94202BFAF00038BE8B /* Build configuration list for PBXProject "Jword" */;
			compatibilityVersion = "Xcode 8.0";
			developmentRegion = en;
			hasScannedForEncodings = 0;
			knownRegions = (
				en,
				Base,
			);
			mainGroup = BBDA3D90202BFAF00038BE8B;
			productRefGroup = BBDA3D9A202BFAF10038BE8B /* Products */;
			projectDirPath = "";
			projectRoot = "";
			targets = (
				BBDA3D98202BFAF10038BE8B /* Jword */,
				BBD6B1E320469ACB0005E827 /* BookManagerTests */,
			);
		};
/* End PBXProject section */

/* Begin PBXResourcesBuildPhase section */
		BBD6B1E220469ACB0005E827 /* Resources */ = {
			isa = PBXResourcesBuildPhase;
			buildActionMask = 2147483647;
			files = (
			);
			runOnlyForDeploymentPostprocessing = 0;
		};
		BBDA3D97202BFAF10038BE8B /* Resources */ = {
			isa = PBXResourcesBuildPhase;
			buildActionMask = 2147483647;
			files = (
				BBDA3DA7202BFAF10038BE8B /* LaunchScreen.storyboard in Resources */,
				BBED3D18205BA266000E5833 /* pen.png in Resources */,
				BBED3D1B205BA266000E5833 /* search.png in Resources */,
				BBE8BCAF2061105F002BA4F5 /* smallSearch.png in Resources */,
				BB2B752120557AE200CD1B75 /* home.png in Resources */,
				BBDA3DA4202BFAF10038BE8B /* Assets.xcassets in Resources */,
				BB2EBCE0205D3D99003231F2 /* N5.txt in Resources */,
				BB2EBCE1205D3D99003231F2 /* N3.txt in Resources */,
				BB2EBCE2205D3D99003231F2 /* N4.txt in Resources */,
				BB2EBCE3205D3D99003231F2 /* N2.txt in Resources */,
				BBB806B8205131280074DB97 /* N1.txt in Resources */,
				BBED3D19205BA266000E5833 /* setting.png in Resources */,
				BBED3D1A205BA266000E5833 /* book.png in Resources */,
				BBDA3DA2202BFAF10038BE8B /* Main.storyboard in Resources */,
				BB2EBCE8205D5381003231F2 /* Study.storyboard in Resources */,
				BBC75E5E202F1BBD00255050 /* JMDict.realm in Resources */,
				BB0F75852057B9A1005312C0 /* Setting.storyboard in Resources */,
			);
			runOnlyForDeploymentPostprocessing = 0;
		};
/* End PBXResourcesBuildPhase section */

/* Begin PBXShellScriptBuildPhase section */
		BBC75E56202EF08200255050 /* ShellScript */ = {
			isa = PBXShellScriptBuildPhase;
			buildActionMask = 2147483647;
			files = (
			);
			inputPaths = (
			);
			outputPaths = (
			);
			runOnlyForDeploymentPostprocessing = 0;
			shellPath = /bin/sh;
			shellScript = "bash \"${BUILT_PRODUCTS_DIR}/${FRAMEWORKS_FOLDER_PATH}/Realm.framework/strip-frameworks.sh\"";
		};
/* End PBXShellScriptBuildPhase section */

/* Begin PBXSourcesBuildPhase section */
		BBD6B1E020469ACB0005E827 /* Sources */ = {
			isa = PBXSourcesBuildPhase;
			buildActionMask = 2147483647;
			files = (
				BB38A49D20511DFB00D485AA /* DailyCheck.swift in Sources */,
				BBD6B1E720469ACB0005E827 /* SupplyWorkbench.swift in Sources */,
				BBD6B1EF20469B1D0005E827 /* AddNewRecords.swift in Sources */,
				BB741E6320527C56009F8E17 /* makeAllToSpell.swift in Sources */,
				BBD876F8205122CE0071D0D5 /* AddVocabulary.swift in Sources */,
				BBD6B1F12046A1CF0005E827 /* RefreshWordToday.swift in Sources */,
			);
			runOnlyForDeploymentPostprocessing = 0;
		};
		BBDA3D95202BFAF10038BE8B /* Sources */ = {
			isa = PBXSourcesBuildPhase;
			buildActionMask = 2147483647;
			files = (
				BBEC0512202F3DBB00CD7A54 /* WordPageController.swift in Sources */,
				BB791841205EA77D007B3CF5 /* JWButton.swift in Sources */,
				BBDA3D9D202BFAF10038BE8B /* AppDelegate.swift in Sources */,
				BB6B0CDA204E72CE00394F12 /* HomeButton.swift in Sources */,
				BB67F0FC202D505700FE6F75 /* WorkBook.swift in Sources */,
				BB772D42202DEB1F008DFE85 /* UserDataManager.swift in Sources */,
				BB7EFD8E2032EE0D00005F7E /* ExampleView.swift in Sources */,
				BB2DC6BE20340F57000D6AB2 /* Theme.swift in Sources */,
				BBA06540205D609F0037283D /* SpellQuiz.swift in Sources */,
				BB2DC6C820357E9D000D6AB2 /* EntryView.swift in Sources */,
				BB5997D52042BF8A009138D4 /* StudyContainerController.swift in Sources */,
				BB67F0FE202D542000FE6F75 /* BookManager.swift in Sources */,
				BB2DC6C620355B60000D6AB2 /* HomePageController.swift in Sources */,
				BB2E7794202C642200548A6D /* JMSense.swift in Sources */,
				BB2E778D202C5D7E00548A6D /* JMEntry.swift in Sources */,
				BBD1B25A205CBEBD0014FC14 /* Other.swift in Sources */,
				BBA06542205D6C590037283D /* SpellQuizController.swift in Sources */,
				BBA052FA204B9B32002A095D /* ShrinkButton.swift in Sources */,
				BB2DC6C42034228C000D6AB2 /* CardView.swift in Sources */,
				BB105840203F024000DE6BDC /* KnowQuizController.swift in Sources */,
				BB2DC6C220341E61000D6AB2 /* ColorDot.swift in Sources */,
				BB2DC6C0203410D9000D6AB2 /* NoteView.swift in Sources */,
				BB0F75832057B461005312C0 /* SettingListController.swift in Sources */,
				BB2E7790202C62BD00548A6D /* Enumeration.swift in Sources */,
				BB2E7796202C649C00548A6D /* TNKExample.swift in Sources */,
				BBA0653E205D5E5A0037283D /* StudyViewModel.swift in Sources */,
				BBC75E5C202EF87600255050 /* WordListController.swift in Sources */,
				BB772D3E202DAA98008DFE85 /* Extensions.swift in Sources */,
				BB2E7798202C66B100548A6D /* DictManager.swift in Sources */,
			);
			runOnlyForDeploymentPostprocessing = 0;
		};
/* End PBXSourcesBuildPhase section */

/* Begin PBXTargetDependency section */
		BBD6B1EA20469ACB0005E827 /* PBXTargetDependency */ = {
			isa = PBXTargetDependency;
			target = BBDA3D98202BFAF10038BE8B /* Jword */;
			targetProxy = BBD6B1E920469ACB0005E827 /* PBXContainerItemProxy */;
		};
/* End PBXTargetDependency section */

/* Begin PBXVariantGroup section */
		BBDA3DA0202BFAF10038BE8B /* Main.storyboard */ = {
			isa = PBXVariantGroup;
			children = (
				BBDA3DA1202BFAF10038BE8B /* Base */,
			);
			name = Main.storyboard;
			sourceTree = "<group>";
		};
		BBDA3DA5202BFAF10038BE8B /* LaunchScreen.storyboard */ = {
			isa = PBXVariantGroup;
			children = (
				BBDA3DA6202BFAF10038BE8B /* Base */,
			);
			name = LaunchScreen.storyboard;
			sourceTree = "<group>";
		};
/* End PBXVariantGroup section */

/* Begin XCBuildConfiguration section */
		BBD6B1EC20469ACB0005E827 /* Debug */ = {
			isa = XCBuildConfiguration;
			buildSettings = {
				BUNDLE_LOADER = "$(TEST_HOST)";
				CODE_SIGN_STYLE = Automatic;
				FRAMEWORK_SEARCH_PATHS = "$(PROJECT_DIR)";
				INFOPLIST_FILE = BookManagerTests/Info.plist;
				LD_RUNPATH_SEARCH_PATHS = "$(inherited) @executable_path/Frameworks @loader_path/Frameworks";
				PRODUCT_BUNDLE_IDENTIFIER = ribilynn.BookManagerTests;
				PRODUCT_NAME = "$(TARGET_NAME)";
				SWIFT_VERSION = 4.0;
				TARGETED_DEVICE_FAMILY = "1,2";
				TEST_HOST = "$(BUILT_PRODUCTS_DIR)/Jword.app/Jword";
			};
			name = Debug;
		};
		BBD6B1ED20469ACB0005E827 /* Release */ = {
			isa = XCBuildConfiguration;
			buildSettings = {
				BUNDLE_LOADER = "$(TEST_HOST)";
				CODE_SIGN_STYLE = Automatic;
				FRAMEWORK_SEARCH_PATHS = "$(PROJECT_DIR)";
				INFOPLIST_FILE = BookManagerTests/Info.plist;
				LD_RUNPATH_SEARCH_PATHS = "$(inherited) @executable_path/Frameworks @loader_path/Frameworks";
				PRODUCT_BUNDLE_IDENTIFIER = ribilynn.BookManagerTests;
				PRODUCT_NAME = "$(TARGET_NAME)";
				SWIFT_VERSION = 4.0;
				TARGETED_DEVICE_FAMILY = "1,2";
				TEST_HOST = "$(BUILT_PRODUCTS_DIR)/Jword.app/Jword";
			};
			name = Release;
		};
		BBDA3DA9202BFAF10038BE8B /* Debug */ = {
			isa = XCBuildConfiguration;
			buildSettings = {
				ALWAYS_SEARCH_USER_PATHS = NO;
				CLANG_ANALYZER_NONNULL = YES;
				CLANG_ANALYZER_NUMBER_OBJECT_CONVERSION = YES_AGGRESSIVE;
				CLANG_CXX_LANGUAGE_STANDARD = "gnu++14";
				CLANG_CXX_LIBRARY = "libc++";
				CLANG_ENABLE_MODULES = YES;
				CLANG_ENABLE_OBJC_ARC = YES;
				CLANG_WARN_BLOCK_CAPTURE_AUTORELEASING = YES;
				CLANG_WARN_BOOL_CONVERSION = YES;
				CLANG_WARN_COMMA = YES;
				CLANG_WARN_CONSTANT_CONVERSION = YES;
				CLANG_WARN_DIRECT_OBJC_ISA_USAGE = YES_ERROR;
				CLANG_WARN_DOCUMENTATION_COMMENTS = YES;
				CLANG_WARN_EMPTY_BODY = YES;
				CLANG_WARN_ENUM_CONVERSION = YES;
				CLANG_WARN_INFINITE_RECURSION = YES;
				CLANG_WARN_INT_CONVERSION = YES;
				CLANG_WARN_NON_LITERAL_NULL_CONVERSION = YES;
				CLANG_WARN_OBJC_LITERAL_CONVERSION = YES;
				CLANG_WARN_OBJC_ROOT_CLASS = YES_ERROR;
				CLANG_WARN_RANGE_LOOP_ANALYSIS = YES;
				CLANG_WARN_STRICT_PROTOTYPES = YES;
				CLANG_WARN_SUSPICIOUS_MOVE = YES;
				CLANG_WARN_UNGUARDED_AVAILABILITY = YES_AGGRESSIVE;
				CLANG_WARN_UNREACHABLE_CODE = YES;
				CLANG_WARN__DUPLICATE_METHOD_MATCH = YES;
				CODE_SIGN_IDENTITY = "iPhone Developer";
				COPY_PHASE_STRIP = NO;
				DEBUG_INFORMATION_FORMAT = dwarf;
				ENABLE_STRICT_OBJC_MSGSEND = YES;
				ENABLE_TESTABILITY = YES;
				GCC_C_LANGUAGE_STANDARD = gnu11;
				GCC_DYNAMIC_NO_PIC = NO;
				GCC_NO_COMMON_BLOCKS = YES;
				GCC_OPTIMIZATION_LEVEL = 0;
				GCC_PREPROCESSOR_DEFINITIONS = (
					"DEBUG=1",
					"$(inherited)",
				);
				GCC_WARN_64_TO_32_BIT_CONVERSION = YES;
				GCC_WARN_ABOUT_RETURN_TYPE = YES_ERROR;
				GCC_WARN_UNDECLARED_SELECTOR = YES;
				GCC_WARN_UNINITIALIZED_AUTOS = YES_AGGRESSIVE;
				GCC_WARN_UNUSED_FUNCTION = YES;
				GCC_WARN_UNUSED_VARIABLE = YES;
				IPHONEOS_DEPLOYMENT_TARGET = 11.2;
				MTL_ENABLE_DEBUG_INFO = YES;
				ONLY_ACTIVE_ARCH = YES;
				SDKROOT = iphoneos;
				SWIFT_ACTIVE_COMPILATION_CONDITIONS = DEBUG;
				SWIFT_OPTIMIZATION_LEVEL = "-Onone";
			};
			name = Debug;
		};
		BBDA3DAA202BFAF10038BE8B /* Release */ = {
			isa = XCBuildConfiguration;
			buildSettings = {
				ALWAYS_SEARCH_USER_PATHS = NO;
				CLANG_ANALYZER_NONNULL = YES;
				CLANG_ANALYZER_NUMBER_OBJECT_CONVERSION = YES_AGGRESSIVE;
				CLANG_CXX_LANGUAGE_STANDARD = "gnu++14";
				CLANG_CXX_LIBRARY = "libc++";
				CLANG_ENABLE_MODULES = YES;
				CLANG_ENABLE_OBJC_ARC = YES;
				CLANG_WARN_BLOCK_CAPTURE_AUTORELEASING = YES;
				CLANG_WARN_BOOL_CONVERSION = YES;
				CLANG_WARN_COMMA = YES;
				CLANG_WARN_CONSTANT_CONVERSION = YES;
				CLANG_WARN_DIRECT_OBJC_ISA_USAGE = YES_ERROR;
				CLANG_WARN_DOCUMENTATION_COMMENTS = YES;
				CLANG_WARN_EMPTY_BODY = YES;
				CLANG_WARN_ENUM_CONVERSION = YES;
				CLANG_WARN_INFINITE_RECURSION = YES;
				CLANG_WARN_INT_CONVERSION = YES;
				CLANG_WARN_NON_LITERAL_NULL_CONVERSION = YES;
				CLANG_WARN_OBJC_LITERAL_CONVERSION = YES;
				CLANG_WARN_OBJC_ROOT_CLASS = YES_ERROR;
				CLANG_WARN_RANGE_LOOP_ANALYSIS = YES;
				CLANG_WARN_STRICT_PROTOTYPES = YES;
				CLANG_WARN_SUSPICIOUS_MOVE = YES;
				CLANG_WARN_UNGUARDED_AVAILABILITY = YES_AGGRESSIVE;
				CLANG_WARN_UNREACHABLE_CODE = YES;
				CLANG_WARN__DUPLICATE_METHOD_MATCH = YES;
				CODE_SIGN_IDENTITY = "iPhone Developer";
				COPY_PHASE_STRIP = NO;
				DEBUG_INFORMATION_FORMAT = "dwarf-with-dsym";
				ENABLE_NS_ASSERTIONS = NO;
				ENABLE_STRICT_OBJC_MSGSEND = YES;
				GCC_C_LANGUAGE_STANDARD = gnu11;
				GCC_NO_COMMON_BLOCKS = YES;
				GCC_WARN_64_TO_32_BIT_CONVERSION = YES;
				GCC_WARN_ABOUT_RETURN_TYPE = YES_ERROR;
				GCC_WARN_UNDECLARED_SELECTOR = YES;
				GCC_WARN_UNINITIALIZED_AUTOS = YES_AGGRESSIVE;
				GCC_WARN_UNUSED_FUNCTION = YES;
				GCC_WARN_UNUSED_VARIABLE = YES;
				IPHONEOS_DEPLOYMENT_TARGET = 11.2;
				MTL_ENABLE_DEBUG_INFO = NO;
				SDKROOT = iphoneos;
				SWIFT_OPTIMIZATION_LEVEL = "-Owholemodule";
				VALIDATE_PRODUCT = YES;
			};
			name = Release;
		};
		BBDA3DAC202BFAF10038BE8B /* Debug */ = {
			isa = XCBuildConfiguration;
			buildSettings = {
				ASSETCATALOG_COMPILER_APPICON_NAME = AppIcon;
				CODE_SIGN_STYLE = Automatic;
				FRAMEWORK_SEARCH_PATHS = (
					"$(inherited)",
					"$(PROJECT_DIR)",
				);
				INFOPLIST_FILE = Jword/SupportFiles/Info.plist;
				LD_RUNPATH_SEARCH_PATHS = "$(inherited) @executable_path/Frameworks";
				PRODUCT_BUNDLE_IDENTIFIER = ribilynn.Jword;
				PRODUCT_NAME = "$(TARGET_NAME)";
				SWIFT_VERSION = 4.0;
				TARGETED_DEVICE_FAMILY = "1,2";
			};
			name = Debug;
		};
		BBDA3DAD202BFAF10038BE8B /* Release */ = {
			isa = XCBuildConfiguration;
			buildSettings = {
				ASSETCATALOG_COMPILER_APPICON_NAME = AppIcon;
				CODE_SIGN_STYLE = Automatic;
				FRAMEWORK_SEARCH_PATHS = (
					"$(inherited)",
					"$(PROJECT_DIR)",
				);
				INFOPLIST_FILE = Jword/SupportFiles/Info.plist;
				LD_RUNPATH_SEARCH_PATHS = "$(inherited) @executable_path/Frameworks";
				PRODUCT_BUNDLE_IDENTIFIER = ribilynn.Jword;
				PRODUCT_NAME = "$(TARGET_NAME)";
				SWIFT_VERSION = 4.0;
				TARGETED_DEVICE_FAMILY = "1,2";
			};
			name = Release;
		};
/* End XCBuildConfiguration section */

/* Begin XCConfigurationList section */
		BBD6B1EB20469ACB0005E827 /* Build configuration list for PBXNativeTarget "BookManagerTests" */ = {
			isa = XCConfigurationList;
			buildConfigurations = (
				BBD6B1EC20469ACB0005E827 /* Debug */,
				BBD6B1ED20469ACB0005E827 /* Release */,
			);
			defaultConfigurationIsVisible = 0;
			defaultConfigurationName = Release;
		};
		BBDA3D94202BFAF00038BE8B /* Build configuration list for PBXProject "Jword" */ = {
			isa = XCConfigurationList;
			buildConfigurations = (
				BBDA3DA9202BFAF10038BE8B /* Debug */,
				BBDA3DAA202BFAF10038BE8B /* Release */,
			);
			defaultConfigurationIsVisible = 0;
			defaultConfigurationName = Release;
		};
		BBDA3DAB202BFAF10038BE8B /* Build configuration list for PBXNativeTarget "Jword" */ = {
			isa = XCConfigurationList;
			buildConfigurations = (
				BBDA3DAC202BFAF10038BE8B /* Debug */,
				BBDA3DAD202BFAF10038BE8B /* Release */,
			);
			defaultConfigurationIsVisible = 0;
			defaultConfigurationName = Release;
		};
/* End XCConfigurationList section */
	};
	rootObject = BBDA3D91202BFAF00038BE8B /* Project object */;
}
